# This file is automatically @generated by uv.
# Do not edit directly; regenerate with: uv lock

version = 1
requires-python = ">=3.11"

[[package]]
name = "memtuner"
version = "0.0.1"
source = { editable = "." }
dependencies = [
    { name = "click", specifier = ">=8.1" },
    { name = "pydantic", specifier = ">=2.0" },
    { name = "pyyaml", specifier = ">=6.0" },
    { name = "python-dotenv", specifier = ">=1.0" },
    { name = "opentelemetry-api", specifier = ">=1.20" },
    { name = "opentelemetry-sdk", specifier = ">=1.20" },
    { name = "opentelemetry-exporter-otlp", specifier = ">=1.20" },
    { name = "psutil", specifier = ">=5.9" },
    { name = "rank-bm25", specifier = ">=0.2.2" },
    { name = "sentence-transformers", specifier = ">=2.2.0" },
    { name = "httpx", specifier = "==0.28.1" },
    { name = "openai", specifier = ">=1.0" },
]

# Note: This is a simplified lock file. For a complete lock file with all transitive dependencies,
# run: uv lock
# This requires network access to PyPI and proper cache permissions.
